PODS:
  - StyleDictionaryExample (0.1.0)

DEPENDENCIES:
  - StyleDictionaryExample (from `../`)

EXTERNAL SOURCES:
  StyleDictionaryExample:
    :path: ../

SPEC CHECKSUMS:
  StyleDictionaryExample: 85250fec9b78518a7e4c5d667ad4d2245b4ebe98

PODFILE CHECKSUM: 0d67d25e197f5a17f1033108f89cddd2c9762698

COCOAPODS: 1.1.1
